{
  "nodes": {
    "nixpkgs": {
      "locked": {
        "lastModified": 1768062310,
        "narHash": "sha256-hkiUM2OyAarvsQTj/3vIfIJ4WwlWucDWuN9qWKlEiHs=",
        "owner": "NixOS",
        "repo": "nixpkgs",
        "rev": "1de85f4c808a70f012571ca7ab52a61724f950d8",
        "type": "github"
      },
      "original": {
        "owner": "NixOS",
        "repo": "nixpkgs",
        "type": "github"
      }
    },
    "root": {
      "inputs": {
        "nixpkgs": "nixpkgs"
      }
    }
  },
  "root": "root",
  "version": 7
}
